
Microsoft Visual Studio Solution File, Format Version 12.00
# Visual Studio Version 17
VisualStudioVersion = 17.0.32112.339
MinimumVisualStudioVersion = 10.0.40219.1
Project("{FAE04EC0-301F-11D3-BF4B-00C04F79EFBC}") = "excercise 02_11", "excercise 02_11\excercise 02_11.csproj", "{BFAD0F0B-9ACC-47F9-B9B4-58F1A217702F}"
EndProject
Global
	GlobalSection(SolutionConfigurationPlatforms) = preSolution
		Debug|Any CPU = Debug|Any CPU
		Release|Any CPU = Release|Any CPU
	EndGlobalSection
	GlobalSection(ProjectConfigurationPlatforms) = postSolution
		{BFAD0F0B-9ACC-47F9-B9B4-58F1A217702F}.Debug|Any CPU.ActiveCfg = Debug|Any CPU
		{BFAD0F0B-9ACC-47F9-B9B4-58F1A217702F}.Debug|Any CPU.Build.0 = Debug|Any CPU
		{BFAD0F0B-9ACC-47F9-B9B4-58F1A217702F}.Release|Any CPU.ActiveCfg = Release|Any CPU
		{BFAD0F0B-9ACC-47F9-B9B4-58F1A217702F}.Release|Any CPU.Build.0 = Release|Any CPU
	EndGlobalSection
	GlobalSection(SolutionProperties) = preSolution
		HideSolutionNode = FALSE
	EndGlobalSection
	GlobalSection(ExtensibilityGlobals) = postSolution
		SolutionGuid = {755034C3-9A5E-42A4-824E-960E6919661E}
	EndGlobalSection
EndGlobal
